
Microsoft Visual Studio Solution File, Format Version 12.00
# Visual Studio Version 17
VisualStudioVersion = 17.6.33723.286
MinimumVisualStudioVersion = 10.0.40219.1
Project("{FAE04EC0-301F-11D3-BF4B-00C04F79EFBC}") = "MovieList", "MovieList\MovieList.csproj", "{EBB33353-2FC2-44A8-B8DA-7B0E6962BA4F}"
EndProject
Global
	GlobalSection(SolutionConfigurationPlatforms) = preSolution
		Debug|Any CPU = Debug|Any CPU
		Release|Any CPU = Release|Any CPU
	EndGlobalSection
	GlobalSection(ProjectConfigurationPlatforms) = postSolution
		{EBB33353-2FC2-44A8-B8DA-7B0E6962BA4F}.Debug|Any CPU.ActiveCfg = Debug|Any CPU
		{EBB33353-2FC2-44A8-B8DA-7B0E6962BA4F}.Debug|Any CPU.Build.0 = Debug|Any CPU
		{EBB33353-2FC2-44A8-B8DA-7B0E6962BA4F}.Release|Any CPU.ActiveCfg = Release|Any CPU
		{EBB33353-2FC2-44A8-B8DA-7B0E6962BA4F}.Release|Any CPU.Build.0 = Release|Any CPU
	EndGlobalSection
	GlobalSection(SolutionProperties) = preSolution
		HideSolutionNode = FALSE
	EndGlobalSection
	GlobalSection(ExtensibilityGlobals) = postSolution
		SolutionGuid = {31009850-4223-42DE-A8F7-725FDA71CFB1}
	EndGlobalSection
EndGlobal
